{
  "pins" : [
    {
      "identity" : "echo",
      "kind" : "remoteSourceControl",
      "location" : "https://github.com/p-x9/Echo",
      "state" : {
        "branch" : "swift5.9",
        "revision" : "3382440406686a077a5bb876a19fc87877e4f7d4"
      }
    },
    {
      "identity" : "fishhook",
      "kind" : "remoteSourceControl",
      "location" : "https://github.com/p-x9/fishhook",
      "state" : {
        "branch" : "spm",
        "revision" : "3b916cdbacf3dc24e7d279e37cfd678d4e5c2899"
      }
    },
    {
      "identity" : "machokit-spm",
      "kind" : "remoteSourceControl",
      "location" : "https://github.com/p-x9/MachOKit-SPM",
      "state" : {
        "revision" : "42676b4d84a28f701ed98677c09269fb088086e3",
        "version" : "0.33.0"
      }
    },
    {
      "identity" : "swift-atomics",
      "kind" : "remoteSourceControl",
      "location" : "https://github.com/apple/swift-atomics.git",
      "state" : {
        "revision" : "3e95ba32cd1b4c877f6163e8eea54afc4e63bf9f",
        "version" : "0.0.3"
      }
    },
    {
      "identity" : "swift-fileio",
      "kind" : "remoteSourceControl",
      "location" : "https://github.com/p-x9/swift-fileio.git",
      "state" : {
        "revision" : "23349fe1eb23c6ca2876d461a46ff60c0fa92f9c",
        "version" : "0.9.0"
      }
    }
  ],
  "version" : 2
}
